// !$*UTF8*$!
{
	archiveVersion = 1;
	classes = {
	};
	objectVersion = 46;
	objects = {

/* Begin PBXBuildFile section */
		4B2A4FA719E737ACA8A3B7A9 /* Pods_yum.framework in Frameworks */ = {isa = PBXBuildFile; fileRef = F7A94F37A26CEFD47243AE46 /* Pods_yum.framework */; settings = {ATTRIBUTES = (Weak, ); }; };
		8E04F5951B543E78006C447E /* Delivery.swift in Sources */ = {isa = PBXBuildFile; fileRef = 8E04F5941B543E78006C447E /* Delivery.swift */; };
		8E04F5991B5443F6006C447E /* createDeliveryViewController.swift in Sources */ = {isa = PBXBuildFile; fileRef = 8E04F5981B5443F6006C447E /* createDeliveryViewController.swift */; };
		8E068FBD1B56CD4D009D0201 /* ErrorHandling.swift in Sources */ = {isa = PBXBuildFile; fileRef = 8E068FBB1B56CD4D009D0201 /* ErrorHandling.swift */; };
		8E068FBE1B56CD4D009D0201 /* ParseLoginHelper.swift in Sources */ = {isa = PBXBuildFile; fileRef = 8E068FBC1B56CD4D009D0201 /* ParseLoginHelper.swift */; };
		8E1E61A41B507A6F00C45E1A /* AppDelegate.swift in Sources */ = {isa = PBXBuildFile; fileRef = 8E1E61A31B507A6F00C45E1A /* AppDelegate.swift */; };
		8E1E61A91B507A6F00C45E1A /* Main.storyboard in Resources */ = {isa = PBXBuildFile; fileRef = 8E1E61A71B507A6F00C45E1A /* Main.storyboard */; };
		8E1E61AB1B507A6F00C45E1A /* Images.xcassets in Resources */ = {isa = PBXBuildFile; fileRef = 8E1E61AA1B507A6F00C45E1A /* Images.xcassets */; };
		8E1E61AE1B507A6F00C45E1A /* LaunchScreen.xib in Resources */ = {isa = PBXBuildFile; fileRef = 8E1E61AC1B507A6F00C45E1A /* LaunchScreen.xib */; };
		8E1E61BA1B507A6F00C45E1A /* yumTests.swift in Sources */ = {isa = PBXBuildFile; fileRef = 8E1E61B91B507A6F00C45E1A /* yumTests.swift */; };
		8E22D2201B6995870010DD4B /* MKAnnotationView+WebCache.m in Sources */ = {isa = PBXBuildFile; fileRef = 8E22D2001B6995870010DD4B /* MKAnnotationView+WebCache.m */; };
		8E22D2211B6995870010DD4B /* NSData+ImageContentType.m in Sources */ = {isa = PBXBuildFile; fileRef = 8E22D2021B6995870010DD4B /* NSData+ImageContentType.m */; };
		8E22D2221B6995870010DD4B /* SDImageCache.m in Sources */ = {isa = PBXBuildFile; fileRef = 8E22D2041B6995870010DD4B /* SDImageCache.m */; };
		8E22D2231B6995870010DD4B /* SDWebImageCompat.m in Sources */ = {isa = PBXBuildFile; fileRef = 8E22D2061B6995870010DD4B /* SDWebImageCompat.m */; };
		8E22D2241B6995870010DD4B /* SDWebImageDecoder.m in Sources */ = {isa = PBXBuildFile; fileRef = 8E22D2081B6995870010DD4B /* SDWebImageDecoder.m */; };
		8E22D2251B6995870010DD4B /* SDWebImageDownloader.m in Sources */ = {isa = PBXBuildFile; fileRef = 8E22D20A1B6995870010DD4B /* SDWebImageDownloader.m */; };
		8E22D2261B6995870010DD4B /* SDWebImageDownloaderOperation.m in Sources */ = {isa = PBXBuildFile; fileRef = 8E22D20C1B6995870010DD4B /* SDWebImageDownloaderOperation.m */; };
		8E22D2271B6995870010DD4B /* SDWebImageManager.m in Sources */ = {isa = PBXBuildFile; fileRef = 8E22D20E1B6995870010DD4B /* SDWebImageManager.m */; };
		8E22D2281B6995870010DD4B /* SDWebImagePrefetcher.m in Sources */ = {isa = PBXBuildFile; fileRef = 8E22D2111B6995870010DD4B /* SDWebImagePrefetcher.m */; };
		8E22D2291B6995870010DD4B /* UIButton+WebCache.m in Sources */ = {isa = PBXBuildFile; fileRef = 8E22D2131B6995870010DD4B /* UIButton+WebCache.m */; };
		8E22D22A1B6995870010DD4B /* UIImage+GIF.m in Sources */ = {isa = PBXBuildFile; fileRef = 8E22D2151B6995870010DD4B /* UIImage+GIF.m */; };
		8E22D22B1B6995870010DD4B /* UIImage+MultiFormat.m in Sources */ = {isa = PBXBuildFile; fileRef = 8E22D2171B6995870010DD4B /* UIImage+MultiFormat.m */; };
		8E22D22C1B6995870010DD4B /* UIImage+WebP.m in Sources */ = {isa = PBXBuildFile; fileRef = 8E22D2191B6995870010DD4B /* UIImage+WebP.m */; };
		8E22D22D1B6995870010DD4B /* UIImageView+HighlightedWebCache.m in Sources */ = {isa = PBXBuildFile; fileRef = 8E22D21B1B6995870010DD4B /* UIImageView+HighlightedWebCache.m */; };
		8E22D22E1B6995870010DD4B /* UIImageView+WebCache.m in Sources */ = {isa = PBXBuildFile; fileRef = 8E22D21D1B6995870010DD4B /* UIImageView+WebCache.m */; };
		8E22D22F1B6995870010DD4B /* UIView+WebCacheOperation.m in Sources */ = {isa = PBXBuildFile; fileRef = 8E22D21F1B6995870010DD4B /* UIView+WebCacheOperation.m */; };
		8E2FBEC01B547A1D00061328 /* MBProgressHUD.m in Sources */ = {isa = PBXBuildFile; fileRef = 8E2FBEBF1B547A1D00061328 /* MBProgressHUD.m */; };
		8E3A848E1B5081FA00581033 /* HomeViewController.swift in Sources */ = {isa = PBXBuildFile; fileRef = 8E3A848D1B5081FA00581033 /* HomeViewController.swift */; };
		8E3A84901B5083D200581033 /* OrderTableViewCell.swift in Sources */ = {isa = PBXBuildFile; fileRef = 8E3A848F1B5083D200581033 /* OrderTableViewCell.swift */; };
		8E5D77501B6BFAF200023980 /* NavigationController.swift in Sources */ = {isa = PBXBuildFile; fileRef = 8E5D774F1B6BFAF200023980 /* NavigationController.swift */; };
		8E6FF22D1B582DDC00AAD1EF /* DeliveryCreatedViewController.swift in Sources */ = {isa = PBXBuildFile; fileRef = 8E6FF22C1B582DDC00AAD1EF /* DeliveryCreatedViewController.swift */; };
		8E6FF2331B586FFA00AAD1EF /* MakeOrderViewController.swift in Sources */ = {isa = PBXBuildFile; fileRef = 8E6FF2321B586FFA00AAD1EF /* MakeOrderViewController.swift */; };
		8E6FF2351B59955800AAD1EF /* WaitingViewController.swift in Sources */ = {isa = PBXBuildFile; fileRef = 8E6FF2341B59955800AAD1EF /* WaitingViewController.swift */; };
		8E872D251B5EF7E9008FACEF /* CustomerTableViewCell.swift in Sources */ = {isa = PBXBuildFile; fileRef = 8E872D241B5EF7E9008FACEF /* CustomerTableViewCell.swift */; };
		8E872D271B5FFDFD008FACEF /* CurrentCustomerViewController.swift in Sources */ = {isa = PBXBuildFile; fileRef = 8E872D261B5FFDFD008FACEF /* CurrentCustomerViewController.swift */; };
		8E872D2A1B62C3B0008FACEF /* OrderRequestViewController.swift in Sources */ = {isa = PBXBuildFile; fileRef = 8E872D291B62C3B0008FACEF /* OrderRequestViewController.swift */; };
		8E9E9DDD1B5705D20047D43E /* ParseHelper.swift in Sources */ = {isa = PBXBuildFile; fileRef = 8E9E9DDC1B5705D20047D43E /* ParseHelper.swift */; };
		8EEC6C6A1B5DBDBD00A1EABF /* ProfileViewController.swift in Sources */ = {isa = PBXBuildFile; fileRef = 8EEC6C691B5DBDBD00A1EABF /* ProfileViewController.swift */; };
		8EEC6C6C1B5EACC100A1EABF /* Order.swift in Sources */ = {isa = PBXBuildFile; fileRef = 8EEC6C6B1B5EACC100A1EABF /* Order.swift */; };
		8EFB01BB1B66A4B200A60649 /* PickupViewController.swift in Sources */ = {isa = PBXBuildFile; fileRef = 8EFB01BA1B66A4B200A60649 /* PickupViewController.swift */; };
/* End PBXBuildFile section */

/* Begin PBXContainerItemProxy section */
		8E1E61B41B507A6F00C45E1A /* PBXContainerItemProxy */ = {
			isa = PBXContainerItemProxy;
			containerPortal = 8E1E61961B507A6F00C45E1A /* Project object */;
			proxyType = 1;
			remoteGlobalIDString = 8E1E619D1B507A6F00C45E1A;
			remoteInfo = yum;
		};
/* End PBXContainerItemProxy section */

/* Begin PBXFileReference section */
		8E04F5941B543E78006C447E /* Delivery.swift */ = {isa = PBXFileReference; fileEncoding = 4; lastKnownFileType = sourcecode.swift; path = Delivery.swift; sourceTree = "<group>"; };
		8E04F5981B5443F6006C447E /* createDeliveryViewController.swift */ = {isa = PBXFileReference; fileEncoding = 4; lastKnownFileType = sourcecode.swift; path = createDeliveryViewController.swift; sourceTree = "<group>"; };
		8E068FBB1B56CD4D009D0201 /* ErrorHandling.swift */ = {isa = PBXFileReference; fileEncoding = 4; lastKnownFileType = sourcecode.swift; path = ErrorHandling.swift; sourceTree = "<group>"; };
		8E068FBC1B56CD4D009D0201 /* ParseLoginHelper.swift */ = {isa = PBXFileReference; fileEncoding = 4; lastKnownFileType = sourcecode.swift; path = ParseLoginHelper.swift; sourceTree = "<group>"; };
		8E1E619E1B507A6F00C45E1A /* yum.app */ = {isa = PBXFileReference; explicitFileType = wrapper.application; includeInIndex = 0; path = yum.app; sourceTree = BUILT_PRODUCTS_DIR; };
		8E1E61A21B507A6F00C45E1A /* Info.plist */ = {isa = PBXFileReference; lastKnownFileType = text.plist.xml; path = Info.plist; sourceTree = "<group>"; };
		8E1E61A31B507A6F00C45E1A /* AppDelegate.swift */ = {isa = PBXFileReference; lastKnownFileType = sourcecode.swift; path = AppDelegate.swift; sourceTree = "<group>"; };
		8E1E61A81B507A6F00C45E1A /* Base */ = {isa = PBXFileReference; lastKnownFileType = file.storyboard; name = Base; path = Base.lproj/Main.storyboard; sourceTree = "<group>"; };
		8E1E61AA1B507A6F00C45E1A /* Images.xcassets */ = {isa = PBXFileReference; lastKnownFileType = folder.assetcatalog; path = Images.xcassets; sourceTree = "<group>"; };
		8E1E61AD1B507A6F00C45E1A /* Base */ = {isa = PBXFileReference; lastKnownFileType = file.xib; name = Base; path = Base.lproj/LaunchScreen.xib; sourceTree = "<group>"; };
		8E1E61B31B507A6F00C45E1A /* yumTests.xctest */ = {isa = PBXFileReference; explicitFileType = wrapper.cfbundle; includeInIndex = 0; path = yumTests.xctest; sourceTree = BUILT_PRODUCTS_DIR; };
		8E1E61B81B507A6F00C45E1A /* Info.plist */ = {isa = PBXFileReference; lastKnownFileType = text.plist.xml; path = Info.plist; sourceTree = "<group>"; };
		8E1E61B91B507A6F00C45E1A /* yumTests.swift */ = {isa = PBXFileReference; lastKnownFileType = sourcecode.swift; path = yumTests.swift; sourceTree = "<group>"; };
		8E22D1FF1B6995870010DD4B /* MKAnnotationView+WebCache.h */ = {isa = PBXFileReference; fileEncoding = 4; lastKnownFileType = sourcecode.c.h; path = "MKAnnotationView+WebCache.h"; sourceTree = "<group>"; };
		8E22D2001B6995870010DD4B /* MKAnnotationView+WebCache.m */ = {isa = PBXFileReference; fileEncoding = 4; lastKnownFileType = sourcecode.c.objc; path = "MKAnnotationView+WebCache.m"; sourceTree = "<group>"; };
		8E22D2011B6995870010DD4B /* NSData+ImageContentType.h */ = {isa = PBXFileReference; fileEncoding = 4; lastKnownFileType = sourcecode.c.h; path = "NSData+ImageContentType.h"; sourceTree = "<group>"; };
		8E22D2021B6995870010DD4B /* NSData+ImageContentType.m */ = {isa = PBXFileReference; fileEncoding = 4; lastKnownFileType = sourcecode.c.objc; path = "NSData+ImageContentType.m"; sourceTree = "<group>"; };
		8E22D2031B6995870010DD4B /* SDImageCache.h */ = {isa = PBXFileReference; fileEncoding = 4; lastKnownFileType = sourcecode.c.h; path = SDImageCache.h; sourceTree = "<group>"; };
		8E22D2041B6995870010DD4B /* SDImageCache.m */ = {isa = PBXFileReference; fileEncoding = 4; lastKnownFileType = sourcecode.c.objc; path = SDImageCache.m; sourceTree = "<group>"; };
		8E22D2051B6995870010DD4B /* SDWebImageCompat.h */ = {isa = PBXFileReference; fileEncoding = 4; lastKnownFileType = sourcecode.c.h; path = SDWebImageCompat.h; sourceTree = "<group>"; };
		8E22D2061B6995870010DD4B /* SDWebImageCompat.m */ = {isa = PBXFileReference; fileEncoding = 4; lastKnownFileType = sourcecode.c.objc; path = SDWebImageCompat.m; sourceTree = "<group>"; };
		8E22D2071B6995870010DD4B /* SDWebImageDecoder.h */ = {isa = PBXFileReference; fileEncoding = 4; lastKnownFileType = sourcecode.c.h; path = SDWebImageDecoder.h; sourceTree = "<group>"; };
		8E22D2081B6995870010DD4B /* SDWebImageDecoder.m */ = {isa = PBXFileReference; fileEncoding = 4; lastKnownFileType = sourcecode.c.objc; path = SDWebImageDecoder.m; sourceTree = "<group>"; };
		8E22D2091B6995870010DD4B /* SDWebImageDownloader.h */ = {isa = PBXFileReference; fileEncoding = 4; lastKnownFileType = sourcecode.c.h; path = SDWebImageDownloader.h; sourceTree = "<group>"; };
		8E22D20A1B6995870010DD4B /* SDWebImageDownloader.m */ = {isa = PBXFileReference; fileEncoding = 4; lastKnownFileType = sourcecode.c.objc; path = SDWebImageDownloader.m; sourceTree = "<group>"; };
		8E22D20B1B6995870010DD4B /* SDWebImageDownloaderOperation.h */ = {isa = PBXFileReference; fileEncoding = 4; lastKnownFileType = sourcecode.c.h; path = SDWebImageDownloaderOperation.h; sourceTree = "<group>"; };
		8E22D20C1B6995870010DD4B /* SDWebImageDownloaderOperation.m */ = {isa = PBXFileReference; fileEncoding = 4; lastKnownFileType = sourcecode.c.objc; path = SDWebImageDownloaderOperation.m; sourceTree = "<group>"; };
		8E22D20D1B6995870010DD4B /* SDWebImageManager.h */ = {isa = PBXFileReference; fileEncoding = 4; lastKnownFileType = sourcecode.c.h; path = SDWebImageManager.h; sourceTree = "<group>"; };
		8E22D20E1B6995870010DD4B /* SDWebImageManager.m */ = {isa = PBXFileReference; fileEncoding = 4; lastKnownFileType = sourcecode.c.objc; path = SDWebImageManager.m; sourceTree = "<group>"; };
		8E22D20F1B6995870010DD4B /* SDWebImageOperation.h */ = {isa = PBXFileReference; fileEncoding = 4; lastKnownFileType = sourcecode.c.h; path = SDWebImageOperation.h; sourceTree = "<group>"; };
		8E22D2101B6995870010DD4B /* SDWebImagePrefetcher.h */ = {isa = PBXFileReference; fileEncoding = 4; lastKnownFileType = sourcecode.c.h; path = SDWebImagePrefetcher.h; sourceTree = "<group>"; };
		8E22D2111B6995870010DD4B /* SDWebImagePrefetcher.m */ = {isa = PBXFileReference; fileEncoding = 4; lastKnownFileType = sourcecode.c.objc; path = SDWebImagePrefetcher.m; sourceTree = "<group>"; };
		8E22D2121B6995870010DD4B /* UIButton+WebCache.h */ = {isa = PBXFileReference; fileEncoding = 4; lastKnownFileType = sourcecode.c.h; path = "UIButton+WebCache.h"; sourceTree = "<group>"; };
		8E22D2131B6995870010DD4B /* UIButton+WebCache.m */ = {isa = PBXFileReference; fileEncoding = 4; lastKnownFileType = sourcecode.c.objc; path = "UIButton+WebCache.m"; sourceTree = "<group>"; };
		8E22D2141B6995870010DD4B /* UIImage+GIF.h */ = {isa = PBXFileReference; fileEncoding = 4; lastKnownFileType = sourcecode.c.h; path = "UIImage+GIF.h"; sourceTree = "<group>"; };
		8E22D2151B6995870010DD4B /* UIImage+GIF.m */ = {isa = PBXFileReference; fileEncoding = 4; lastKnownFileType = sourcecode.c.objc; path = "UIImage+GIF.m"; sourceTree = "<group>"; };
		8E22D2161B6995870010DD4B /* UIImage+MultiFormat.h */ = {isa = PBXFileReference; fileEncoding = 4; lastKnownFileType = sourcecode.c.h; path = "UIImage+MultiFormat.h"; sourceTree = "<group>"; };
		8E22D2171B6995870010DD4B /* UIImage+MultiFormat.m */ = {isa = PBXFileReference; fileEncoding = 4; lastKnownFileType = sourcecode.c.objc; path = "UIImage+MultiFormat.m"; sourceTree = "<group>"; };
		8E22D2181B6995870010DD4B /* UIImage+WebP.h */ = {isa = PBXFileReference; fileEncoding = 4; lastKnownFileType = sourcecode.c.h; path = "UIImage+WebP.h"; sourceTree = "<group>"; };
		8E22D2191B6995870010DD4B /* UIImage+WebP.m */ = {isa = PBXFileReference; fileEncoding = 4; lastKnownFileType = sourcecode.c.objc; path = "UIImage+WebP.m"; sourceTree = "<group>"; };
		8E22D21A1B6995870010DD4B /* UIImageView+HighlightedWebCache.h */ = {isa = PBXFileReference; fileEncoding = 4; lastKnownFileType = sourcecode.c.h; path = "UIImageView+HighlightedWebCache.h"; sourceTree = "<group>"; };
		8E22D21B1B6995870010DD4B /* UIImageView+HighlightedWebCache.m */ = {isa = PBXFileReference; fileEncoding = 4; lastKnownFileType = sourcecode.c.objc; path = "UIImageView+HighlightedWebCache.m"; sourceTree = "<group>"; };
		8E22D21C1B6995870010DD4B /* UIImageView+WebCache.h */ = {isa = PBXFileReference; fileEncoding = 4; lastKnownFileType = sourcecode.c.h; path = "UIImageView+WebCache.h"; sourceTree = "<group>"; };
		8E22D21D1B6995870010DD4B /* UIImageView+WebCache.m */ = {isa = PBXFileReference; fileEncoding = 4; lastKnownFileType = sourcecode.c.objc; path = "UIImageView+WebCache.m"; sourceTree = "<group>"; };
		8E22D21E1B6995870010DD4B /* UIView+WebCacheOperation.h */ = {isa = PBXFileReference; fileEncoding = 4; lastKnownFileType = sourcecode.c.h; path = "UIView+WebCacheOperation.h"; sourceTree = "<group>"; };
		8E22D21F1B6995870010DD4B /* UIView+WebCacheOperation.m */ = {isa = PBXFileReference; fileEncoding = 4; lastKnownFileType = sourcecode.c.objc; path = "UIView+WebCacheOperation.m"; sourceTree = "<group>"; };
		8E2FBEBD1B54780000061328 /* yum-Bridging-Header.h */ = {isa = PBXFileReference; lastKnownFileType = sourcecode.c.h; path = "yum-Bridging-Header.h"; sourceTree = "<group>"; };
		8E2FBEBE1B547A1D00061328 /* MBProgressHUD.h */ = {isa = PBXFileReference; fileEncoding = 4; lastKnownFileType = sourcecode.c.h; path = MBProgressHUD.h; sourceTree = "<group>"; };
		8E2FBEBF1B547A1D00061328 /* MBProgressHUD.m */ = {isa = PBXFileReference; fileEncoding = 4; lastKnownFileType = sourcecode.c.objc; path = MBProgressHUD.m; sourceTree = "<group>"; };
		8E3A848D1B5081FA00581033 /* HomeViewController.swift */ = {isa = PBXFileReference; fileEncoding = 4; lastKnownFileType = sourcecode.swift; name = HomeViewController.swift; path = ../HomeViewController.swift; sourceTree = "<group>"; };
		8E3A848F1B5083D200581033 /* OrderTableViewCell.swift */ = {isa = PBXFileReference; fileEncoding = 4; lastKnownFileType = sourcecode.swift; name = OrderTableViewCell.swift; path = ../OrderTableViewCell.swift; sourceTree = "<group>"; };
		8E5D774F1B6BFAF200023980 /* NavigationController.swift */ = {isa = PBXFileReference; fileEncoding = 4; lastKnownFileType = sourcecode.swift; path = NavigationController.swift; sourceTree = "<group>"; };
		8E6FF22C1B582DDC00AAD1EF /* DeliveryCreatedViewController.swift */ = {isa = PBXFileReference; fileEncoding = 4; lastKnownFileType = sourcecode.swift; path = DeliveryCreatedViewController.swift; sourceTree = "<group>"; };
		8E6FF2321B586FFA00AAD1EF /* MakeOrderViewController.swift */ = {isa = PBXFileReference; fileEncoding = 4; lastKnownFileType = sourcecode.swift; path = MakeOrderViewController.swift; sourceTree = "<group>"; };
		8E6FF2341B59955800AAD1EF /* WaitingViewController.swift */ = {isa = PBXFileReference; fileEncoding = 4; lastKnownFileType = sourcecode.swift; path = WaitingViewController.swift; sourceTree = "<group>"; };
		8E872D241B5EF7E9008FACEF /* CustomerTableViewCell.swift */ = {isa = PBXFileReference; fileEncoding = 4; lastKnownFileType = sourcecode.swift; path = CustomerTableViewCell.swift; sourceTree = "<group>"; };
		8E872D261B5FFDFD008FACEF /* CurrentCustomerViewController.swift */ = {isa = PBXFileReference; fileEncoding = 4; lastKnownFileType = sourcecode.swift; path = CurrentCustomerViewController.swift; sourceTree = "<group>"; };
		8E872D291B62C3B0008FACEF /* OrderRequestViewController.swift */ = {isa = PBXFileReference; fileEncoding = 4; lastKnownFileType = sourcecode.swift; path = OrderRequestViewController.swift; sourceTree = "<group>"; };
		8E9412CD1B55B17D0037848F /* Accounts.framework */ = {isa = PBXFileReference; lastKnownFileType = wrapper.framework; name = Accounts.framework; path = System/Library/Frameworks/Accounts.framework; sourceTree = SDKROOT; };
		8E9412CF1B55B1860037848F /* Social.framework */ = {isa = PBXFileReference; lastKnownFileType = wrapper.framework; name = Social.framework; path = System/Library/Frameworks/Social.framework; sourceTree = SDKROOT; };
		8E9412DF1B55C20E0037848F /* FBSDKLoginKit.framework */ = {isa = PBXFileReference; lastKnownFileType = wrapper.framework; name = FBSDKLoginKit.framework; path = "../Makestagram-Swift-Solution-StarterProject/Frameworks/FBSDKLoginKit.framework"; sourceTree = "<group>"; };
		8E9412E01B55C20E0037848F /* FBSDKShareKit.framework */ = {isa = PBXFileReference; lastKnownFileType = wrapper.framework; name = FBSDKShareKit.framework; path = "../Makestagram-Swift-Solution-StarterProject/Frameworks/FBSDKShareKit.framework"; sourceTree = "<group>"; };
		8E9412E11B55C20E0037848F /* ParseFacebookUtils.framework */ = {isa = PBXFileReference; lastKnownFileType = wrapper.framework; name = ParseFacebookUtils.framework; path = "../Makestagram-Swift-Solution-StarterProject/Frameworks/ParseFacebookUtils.framework"; sourceTree = "<group>"; };
		8E9412E21B55C20E0037848F /* ParseFacebookUtilsV4.framework */ = {isa = PBXFileReference; lastKnownFileType = wrapper.framework; name = ParseFacebookUtilsV4.framework; path = "../Makestagram-Swift-Solution-StarterProject/Frameworks/ParseFacebookUtilsV4.framework"; sourceTree = "<group>"; };
		8E9E9DDC1B5705D20047D43E /* ParseHelper.swift */ = {isa = PBXFileReference; fileEncoding = 4; lastKnownFileType = sourcecode.swift; path = ParseHelper.swift; sourceTree = "<group>"; };
		8EEC6C691B5DBDBD00A1EABF /* ProfileViewController.swift */ = {isa = PBXFileReference; fileEncoding = 4; lastKnownFileType = sourcecode.swift; path = ProfileViewController.swift; sourceTree = "<group>"; };
		8EEC6C6B1B5EACC100A1EABF /* Order.swift */ = {isa = PBXFileReference; fileEncoding = 4; lastKnownFileType = sourcecode.swift; path = Order.swift; sourceTree = "<group>"; };
		8EFB01BA1B66A4B200A60649 /* PickupViewController.swift */ = {isa = PBXFileReference; fileEncoding = 4; lastKnownFileType = sourcecode.swift; path = PickupViewController.swift; sourceTree = "<group>"; };
		9451BD43865A82E49EF435BC /* Pods-yum.release.xcconfig */ = {isa = PBXFileReference; includeInIndex = 1; lastKnownFileType = text.xcconfig; name = "Pods-yum.release.xcconfig"; path = "Pods/Target Support Files/Pods-yum/Pods-yum.release.xcconfig"; sourceTree = "<group>"; };
		D81E2B15370E2DA11E1B945F /* Pods-yum.debug.xcconfig */ = {isa = PBXFileReference; includeInIndex = 1; lastKnownFileType = text.xcconfig; name = "Pods-yum.debug.xcconfig"; path = "Pods/Target Support Files/Pods-yum/Pods-yum.debug.xcconfig"; sourceTree = "<group>"; };
		F7A94F37A26CEFD47243AE46 /* Pods_yum.framework */ = {isa = PBXFileReference; explicitFileType = wrapper.framework; includeInIndex = 0; path = Pods_yum.framework; sourceTree = BUILT_PRODUCTS_DIR; };
/* End PBXFileReference section */

/* Begin PBXFrameworksBuildPhase section */
		8E1E619B1B507A6F00C45E1A /* Frameworks */ = {
			isa = PBXFrameworksBuildPhase;
			buildActionMask = 2147483647;
			files = (
				4B2A4FA719E737ACA8A3B7A9 /* Pods_yum.framework in Frameworks */,
			);
			runOnlyForDeploymentPostprocessing = 0;
		};
		8E1E61B01B507A6F00C45E1A /* Frameworks */ = {
			isa = PBXFrameworksBuildPhase;
			buildActionMask = 2147483647;
			files = (
			);
			runOnlyForDeploymentPostprocessing = 0;
		};
/* End PBXFrameworksBuildPhase section */

/* Begin PBXGroup section */
		69CDB97458F77B83109F89CE /* Frameworks */ = {
			isa = PBXGroup;
			children = (
				8E9412DF1B55C20E0037848F /* FBSDKLoginKit.framework */,
				8E9412E01B55C20E0037848F /* FBSDKShareKit.framework */,
				8E9412E11B55C20E0037848F /* ParseFacebookUtils.framework */,
				8E9412E21B55C20E0037848F /* ParseFacebookUtilsV4.framework */,
				8E9412CF1B55B1860037848F /* Social.framework */,
				8E9412CD1B55B17D0037848F /* Accounts.framework */,
				F7A94F37A26CEFD47243AE46 /* Pods_yum.framework */,
			);
			name = Frameworks;
			sourceTree = "<group>";
		};
		8E04F58F1B542FA9006C447E /* ViewControllers */ = {
			isa = PBXGroup;
			children = (
				8EEC6C691B5DBDBD00A1EABF /* ProfileViewController.swift */,
				8E3A848D1B5081FA00581033 /* HomeViewController.swift */,
				8E3A848F1B5083D200581033 /* OrderTableViewCell.swift */,
				8E6FF2321B586FFA00AAD1EF /* MakeOrderViewController.swift */,
				8E6FF2341B59955800AAD1EF /* WaitingViewController.swift */,
				8E04F5981B5443F6006C447E /* createDeliveryViewController.swift */,
				8E6FF22C1B582DDC00AAD1EF /* DeliveryCreatedViewController.swift */,
				8E872D241B5EF7E9008FACEF /* CustomerTableViewCell.swift */,
				8E872D261B5FFDFD008FACEF /* CurrentCustomerViewController.swift */,
				8E872D291B62C3B0008FACEF /* OrderRequestViewController.swift */,
				8EFB01BA1B66A4B200A60649 /* PickupViewController.swift */,
				8E5D774F1B6BFAF200023980 /* NavigationController.swift */,
			);
			path = ViewControllers;
			sourceTree = "<group>";
		};
		8E04F5931B543E53006C447E /* Models */ = {
			isa = PBXGroup;
			children = (
				8E04F5941B543E78006C447E /* Delivery.swift */,
				8EEC6C6B1B5EACC100A1EABF /* Order.swift */,
			);
			path = Models;
			sourceTree = "<group>";
		};
		8E1E61951B507A6F00C45E1A = {
			isa = PBXGroup;
			children = (
				8E1E61A01B507A6F00C45E1A /* yum */,
				8E1E61B61B507A6F00C45E1A /* yumTests */,
				8E1E619F1B507A6F00C45E1A /* Products */,
				FABB72479B8057A28ED059B1 /* Pods */,
				69CDB97458F77B83109F89CE /* Frameworks */,
			);
			sourceTree = "<group>";
		};
		8E1E619F1B507A6F00C45E1A /* Products */ = {
			isa = PBXGroup;
			children = (
				8E1E619E1B507A6F00C45E1A /* yum.app */,
				8E1E61B31B507A6F00C45E1A /* yumTests.xctest */,
			);
			name = Products;
			sourceTree = "<group>";
		};
		8E1E61A01B507A6F00C45E1A /* yum */ = {
			isa = PBXGroup;
			children = (
				8E22D1FE1B6995870010DD4B /* SDWebImage */,
				8E2FBEBD1B54780000061328 /* yum-Bridging-Header.h */,
				8E2FBEBE1B547A1D00061328 /* MBProgressHUD.h */,
				8E2FBEBF1B547A1D00061328 /* MBProgressHUD.m */,
				8E068FBB1B56CD4D009D0201 /* ErrorHandling.swift */,
				8E9E9DDC1B5705D20047D43E /* ParseHelper.swift */,
				8E068FBC1B56CD4D009D0201 /* ParseLoginHelper.swift */,
				8E1E61A31B507A6F00C45E1A /* AppDelegate.swift */,
				8E1E61A71B507A6F00C45E1A /* Main.storyboard */,
				8E04F5931B543E53006C447E /* Models */,
				8E04F58F1B542FA9006C447E /* ViewControllers */,
				8E1E61AA1B507A6F00C45E1A /* Images.xcassets */,
				8E1E61AC1B507A6F00C45E1A /* LaunchScreen.xib */,
				8E1E61A11B507A6F00C45E1A /* Supporting Files */,
			);
			path = yum;
			sourceTree = "<group>";
		};
		8E1E61A11B507A6F00C45E1A /* Supporting Files */ = {
			isa = PBXGroup;
			children = (
				8E1E61A21B507A6F00C45E1A /* Info.plist */,
			);
			name = "Supporting Files";
			sourceTree = "<group>";
		};
		8E1E61B61B507A6F00C45E1A /* yumTests */ = {
			isa = PBXGroup;
			children = (
				8E1E61B91B507A6F00C45E1A /* yumTests.swift */,
				8E1E61B71B507A6F00C45E1A /* Supporting Files */,
			);
			path = yumTests;
			sourceTree = "<group>";
		};
		8E1E61B71B507A6F00C45E1A /* Supporting Files */ = {
			isa = PBXGroup;
			children = (
				8E1E61B81B507A6F00C45E1A /* Info.plist */,
			);
			name = "Supporting Files";
			sourceTree = "<group>";
		};
		8E22D1FE1B6995870010DD4B /* SDWebImage */ = {
			isa = PBXGroup;
			children = (
				8E22D1FF1B6995870010DD4B /* MKAnnotationView+WebCache.h */,
				8E22D2001B6995870010DD4B /* MKAnnotationView+WebCache.m */,
				8E22D2011B6995870010DD4B /* NSData+ImageContentType.h */,
				8E22D2021B6995870010DD4B /* NSData+ImageContentType.m */,
				8E22D2031B6995870010DD4B /* SDImageCache.h */,
				8E22D2041B6995870010DD4B /* SDImageCache.m */,
				8E22D2051B6995870010DD4B /* SDWebImageCompat.h */,
				8E22D2061B6995870010DD4B /* SDWebImageCompat.m */,
				8E22D2071B6995870010DD4B /* SDWebImageDecoder.h */,
				8E22D2081B6995870010DD4B /* SDWebImageDecoder.m */,
				8E22D2091B6995870010DD4B /* SDWebImageDownloader.h */,
				8E22D20A1B6995870010DD4B /* SDWebImageDownloader.m */,
				8E22D20B1B6995870010DD4B /* SDWebImageDownloaderOperation.h */,
				8E22D20C1B6995870010DD4B /* SDWebImageDownloaderOperation.m */,
				8E22D20D1B6995870010DD4B /* SDWebImageManager.h */,
				8E22D20E1B6995870010DD4B /* SDWebImageManager.m */,
				8E22D20F1B6995870010DD4B /* SDWebImageOperation.h */,
				8E22D2101B6995870010DD4B /* SDWebImagePrefetcher.h */,
				8E22D2111B6995870010DD4B /* SDWebImagePrefetcher.m */,
				8E22D2121B6995870010DD4B /* UIButton+WebCache.h */,
				8E22D2131B6995870010DD4B /* UIButton+WebCache.m */,
				8E22D2141B6995870010DD4B /* UIImage+GIF.h */,
				8E22D2151B6995870010DD4B /* UIImage+GIF.m */,
				8E22D2161B6995870010DD4B /* UIImage+MultiFormat.h */,
				8E22D2171B6995870010DD4B /* UIImage+MultiFormat.m */,
				8E22D2181B6995870010DD4B /* UIImage+WebP.h */,
				8E22D2191B6995870010DD4B /* UIImage+WebP.m */,
				8E22D21A1B6995870010DD4B /* UIImageView+HighlightedWebCache.h */,
				8E22D21B1B6995870010DD4B /* UIImageView+HighlightedWebCache.m */,
				8E22D21C1B6995870010DD4B /* UIImageView+WebCache.h */,
				8E22D21D1B6995870010DD4B /* UIImageView+WebCache.m */,
				8E22D21E1B6995870010DD4B /* UIView+WebCacheOperation.h */,
				8E22D21F1B6995870010DD4B /* UIView+WebCacheOperation.m */,
			);
			path = SDWebImage;
			sourceTree = "<group>";
		};
		FABB72479B8057A28ED059B1 /* Pods */ = {
			isa = PBXGroup;
			children = (
				D81E2B15370E2DA11E1B945F /* Pods-yum.debug.xcconfig */,
				9451BD43865A82E49EF435BC /* Pods-yum.release.xcconfig */,
			);
			name = Pods;
			sourceTree = "<group>";
		};
/* End PBXGroup section */

/* Begin PBXNativeTarget section */
		8E1E619D1B507A6F00C45E1A /* yum */ = {
			isa = PBXNativeTarget;
			buildConfigurationList = 8E1E61BD1B507A6F00C45E1A /* Build configuration list for PBXNativeTarget "yum" */;
			buildPhases = (
				84144AE275984F59076895D9 /* Check Pods Manifest.lock */,
				8E1E619A1B507A6F00C45E1A /* Sources */,
				8E1E619B1B507A6F00C45E1A /* Frameworks */,
				8E1E619C1B507A6F00C45E1A /* Resources */,
				8908EE0B09C86EDA6B9936D0 /* Embed Pods Frameworks */,
				FA7DF6B026063DF3366741EB /* Copy Pods Resources */,
			);
			buildRules = (
			);
			dependencies = (
			);
			name = yum;
			productName = yum;
			productReference = 8E1E619E1B507A6F00C45E1A /* yum.app */;
			productType = "com.apple.product-type.application";
		};
		8E1E61B21B507A6F00C45E1A /* yumTests */ = {
			isa = PBXNativeTarget;
			buildConfigurationList = 8E1E61C01B507A6F00C45E1A /* Build configuration list for PBXNativeTarget "yumTests" */;
			buildPhases = (
				8E1E61AF1B507A6F00C45E1A /* Sources */,
				8E1E61B01B507A6F00C45E1A /* Frameworks */,
				8E1E61B11B507A6F00C45E1A /* Resources */,
			);
			buildRules = (
			);
			dependencies = (
				8E1E61B51B507A6F00C45E1A /* PBXTargetDependency */,
			);
			name = yumTests;
			productName = yumTests;
			productReference = 8E1E61B31B507A6F00C45E1A /* yumTests.xctest */;
			productType = "com.apple.product-type.bundle.unit-test";
		};
/* End PBXNativeTarget section */

/* Begin PBXProject section */
		8E1E61961B507A6F00C45E1A /* Project object */ = {
			isa = PBXProject;
			attributes = {
				LastUpgradeCheck = 0640;
				ORGANIZATIONNAME = "Arthur Le Meur";
				TargetAttributes = {
					8E1E619D1B507A6F00C45E1A = {
						CreatedOnToolsVersion = 6.4;
						DevelopmentTeam = EHH3APZ2X7;
						SystemCapabilities = {
							com.apple.BackgroundModes = {
								enabled = 1;
							};
						};
					};
					8E1E61B21B507A6F00C45E1A = {
						CreatedOnToolsVersion = 6.4;
						DevelopmentTeam = EHH3APZ2X7;
						TestTargetID = 8E1E619D1B507A6F00C45E1A;
					};
				};
			};
			buildConfigurationList = 8E1E61991B507A6F00C45E1A /* Build configuration list for PBXProject "yum" */;
			compatibilityVersion = "Xcode 3.2";
			developmentRegion = English;
			hasScannedForEncodings = 0;
			knownRegions = (
				en,
				Base,
			);
			mainGroup = 8E1E61951B507A6F00C45E1A;
			productRefGroup = 8E1E619F1B507A6F00C45E1A /* Products */;
			projectDirPath = "";
			projectRoot = "";
			targets = (
				8E1E619D1B507A6F00C45E1A /* yum */,
				8E1E61B21B507A6F00C45E1A /* yumTests */,
			);
		};
/* End PBXProject section */

/* Begin PBXResourcesBuildPhase section */
		8E1E619C1B507A6F00C45E1A /* Resources */ = {
			isa = PBXResourcesBuildPhase;
			buildActionMask = 2147483647;
			files = (
				8E1E61A91B507A6F00C45E1A /* Main.storyboard in Resources */,
				8E1E61AE1B507A6F00C45E1A /* LaunchScreen.xib in Resources */,
				8E1E61AB1B507A6F00C45E1A /* Images.xcassets in Resources */,
			);
			runOnlyForDeploymentPostprocessing = 0;
		};
		8E1E61B11B507A6F00C45E1A /* Resources */ = {
			isa = PBXResourcesBuildPhase;
			buildActionMask = 2147483647;
			files = (
			);
			runOnlyForDeploymentPostprocessing = 0;
		};
/* End PBXResourcesBuildPhase section */

/* Begin PBXShellScriptBuildPhase section */
		84144AE275984F59076895D9 /* Check Pods Manifest.lock */ = {
			isa = PBXShellScriptBuildPhase;
			buildActionMask = 2147483647;
			files = (
			);
			inputPaths = (
			);
			name = "Check Pods Manifest.lock";
			outputPaths = (
			);
			runOnlyForDeploymentPostprocessing = 0;
			shellPath = /bin/sh;
			shellScript = "diff \"${PODS_ROOT}/../Podfile.lock\" \"${PODS_ROOT}/Manifest.lock\" > /dev/null\nif [[ $? != 0 ]] ; then\n    cat << EOM\nerror: The sandbox is not in sync with the Podfile.lock. Run 'pod install' or update your CocoaPods installation.\nEOM\n    exit 1\nfi\n";
			showEnvVarsInLog = 0;
		};
		8908EE0B09C86EDA6B9936D0 /* Embed Pods Frameworks */ = {
			isa = PBXShellScriptBuildPhase;
			buildActionMask = 2147483647;
			files = (
			);
			inputPaths = (
			);
			name = "Embed Pods Frameworks";
			outputPaths = (
			);
			runOnlyForDeploymentPostprocessing = 0;
			shellPath = /bin/sh;
			shellScript = "\"${SRCROOT}/Pods/Target Support Files/Pods-yum/Pods-yum-frameworks.sh\"\n";
			showEnvVarsInLog = 0;
		};
		FA7DF6B026063DF3366741EB /* Copy Pods Resources */ = {
			isa = PBXShellScriptBuildPhase;
			buildActionMask = 2147483647;
			files = (
			);
			inputPaths = (
			);
			name = "Copy Pods Resources";
			outputPaths = (
			);
			runOnlyForDeploymentPostprocessing = 0;
			shellPath = /bin/sh;
			shellScript = "\"${SRCROOT}/Pods/Target Support Files/Pods-yum/Pods-yum-resources.sh\"\n";
			showEnvVarsInLog = 0;
		};
/* End PBXShellScriptBuildPhase section */

/* Begin PBXSourcesBuildPhase section */
		8E1E619A1B507A6F00C45E1A /* Sources */ = {
			isa = PBXSourcesBuildPhase;
			buildActionMask = 2147483647;
			files = (
				8E22D22F1B6995870010DD4B /* UIView+WebCacheOperation.m in Sources */,
				8E068FBD1B56CD4D009D0201 /* ErrorHandling.swift in Sources */,
				8E6FF2331B586FFA00AAD1EF /* MakeOrderViewController.swift in Sources */,
				8E22D22D1B6995870010DD4B /* UIImageView+HighlightedWebCache.m in Sources */,
				8E6FF22D1B582DDC00AAD1EF /* DeliveryCreatedViewController.swift in Sources */,
				8E068FBE1B56CD4D009D0201 /* ParseLoginHelper.swift in Sources */,
				8EEC6C6A1B5DBDBD00A1EABF /* ProfileViewController.swift in Sources */,
				8E22D2271B6995870010DD4B /* SDWebImageManager.m in Sources */,
				8E22D2241B6995870010DD4B /* SDWebImageDecoder.m in Sources */,
				8E3A84901B5083D200581033 /* OrderTableViewCell.swift in Sources */,
				8E1E61A41B507A6F00C45E1A /* AppDelegate.swift in Sources */,
				8E22D2281B6995870010DD4B /* SDWebImagePrefetcher.m in Sources */,
				8E5D77501B6BFAF200023980 /* NavigationController.swift in Sources */,
				8E22D22E1B6995870010DD4B /* UIImageView+WebCache.m in Sources */,
				8E6FF2351B59955800AAD1EF /* WaitingViewController.swift in Sources */,
				8E872D2A1B62C3B0008FACEF /* OrderRequestViewController.swift in Sources */,
				8E3A848E1B5081FA00581033 /* HomeViewController.swift in Sources */,
				8E22D22A1B6995870010DD4B /* UIImage+GIF.m in Sources */,
				8E22D22C1B6995870010DD4B /* UIImage+WebP.m in Sources */,
				8E22D2211B6995870010DD4B /* NSData+ImageContentType.m in Sources */,
				8E22D2231B6995870010DD4B /* SDWebImageCompat.m in Sources */,
				8E04F5991B5443F6006C447E /* createDeliveryViewController.swift in Sources */,
				8E04F5951B543E78006C447E /* Delivery.swift in Sources */,
				8E22D2221B6995870010DD4B /* SDImageCache.m in Sources */,
				8E22D2251B6995870010DD4B /* SDWebImageDownloader.m in Sources */,
				8EFB01BB1B66A4B200A60649 /* PickupViewController.swift in Sources */,
				8E872D271B5FFDFD008FACEF /* CurrentCustomerViewController.swift in Sources */,
				8E22D22B1B6995870010DD4B /* UIImage+MultiFormat.m in Sources */,
				8E22D2291B6995870010DD4B /* UIButton+WebCache.m in Sources */,
				8E872D251B5EF7E9008FACEF /* CustomerTableViewCell.swift in Sources */,
				8E22D2201B6995870010DD4B /* MKAnnotationView+WebCache.m in Sources */,
				8E22D2261B6995870010DD4B /* SDWebImageDownloaderOperation.m in Sources */,
				8E9E9DDD1B5705D20047D43E /* ParseHelper.swift in Sources */,
				8EEC6C6C1B5EACC100A1EABF /* Order.swift in Sources */,
				8E2FBEC01B547A1D00061328 /* MBProgressHUD.m in Sources */,
			);
			runOnlyForDeploymentPostprocessing = 0;
		};
		8E1E61AF1B507A6F00C45E1A /* Sources */ = {
			isa = PBXSourcesBuildPhase;
			buildActionMask = 2147483647;
			files = (
				8E1E61BA1B507A6F00C45E1A /* yumTests.swift in Sources */,
			);
			runOnlyForDeploymentPostprocessing = 0;
		};
/* End PBXSourcesBuildPhase section */

/* Begin PBXTargetDependency section */
		8E1E61B51B507A6F00C45E1A /* PBXTargetDependency */ = {
			isa = PBXTargetDependency;
			target = 8E1E619D1B507A6F00C45E1A /* yum */;
			targetProxy = 8E1E61B41B507A6F00C45E1A /* PBXContainerItemProxy */;
		};
/* End PBXTargetDependency section */

/* Begin PBXVariantGroup section */
		8E1E61A71B507A6F00C45E1A /* Main.storyboard */ = {
			isa = PBXVariantGroup;
			children = (
				8E1E61A81B507A6F00C45E1A /* Base */,
			);
			name = Main.storyboard;
			sourceTree = "<group>";
		};
		8E1E61AC1B507A6F00C45E1A /* LaunchScreen.xib */ = {
			isa = PBXVariantGroup;
			children = (
				8E1E61AD1B507A6F00C45E1A /* Base */,
			);
			name = LaunchScreen.xib;
			sourceTree = "<group>";
		};
/* End PBXVariantGroup section */

/* Begin XCBuildConfiguration section */
		8E1E61BB1B507A6F00C45E1A /* Debug */ = {
			isa = XCBuildConfiguration;
			buildSettings = {
				ALWAYS_SEARCH_USER_PATHS = NO;
				CLANG_CXX_LANGUAGE_STANDARD = "gnu++0x";
				CLANG_CXX_LIBRARY = "libc++";
				CLANG_ENABLE_MODULES = YES;
				CLANG_ENABLE_OBJC_ARC = YES;
				CLANG_WARN_BOOL_CONVERSION = YES;
				CLANG_WARN_CONSTANT_CONVERSION = YES;
				CLANG_WARN_DIRECT_OBJC_ISA_USAGE = YES_ERROR;
				CLANG_WARN_EMPTY_BODY = YES;
				CLANG_WARN_ENUM_CONVERSION = YES;
				CLANG_WARN_INT_CONVERSION = YES;
				CLANG_WARN_OBJC_ROOT_CLASS = YES_ERROR;
				CLANG_WARN_UNREACHABLE_CODE = YES;
				CLANG_WARN__DUPLICATE_METHOD_MATCH = YES;
				"CODE_SIGN_IDENTITY[sdk=iphoneos*]" = "Apple Development IOS Push Services: com.901858700.yum";
				COPY_PHASE_STRIP = NO;
				DEBUG_INFORMATION_FORMAT = "dwarf-with-dsym";
				ENABLE_STRICT_OBJC_MSGSEND = YES;
				GCC_C_LANGUAGE_STANDARD = gnu99;
				GCC_DYNAMIC_NO_PIC = NO;
				GCC_NO_COMMON_BLOCKS = YES;
				GCC_OPTIMIZATION_LEVEL = 0;
				GCC_PREPROCESSOR_DEFINITIONS = (
					"DEBUG=1",
					"$(inherited)",
				);
				GCC_SYMBOLS_PRIVATE_EXTERN = NO;
				GCC_WARN_64_TO_32_BIT_CONVERSION = YES;
				GCC_WARN_ABOUT_RETURN_TYPE = YES_ERROR;
				GCC_WARN_UNDECLARED_SELECTOR = YES;
				GCC_WARN_UNINITIALIZED_AUTOS = YES_AGGRESSIVE;
				GCC_WARN_UNUSED_FUNCTION = YES;
				GCC_WARN_UNUSED_VARIABLE = YES;
				IPHONEOS_DEPLOYMENT_TARGET = 8.4;
				MTL_ENABLE_DEBUG_INFO = YES;
				ONLY_ACTIVE_ARCH = YES;
				PROVISIONING_PROFILE = "1b525130-7931-401b-a8b6-5cd53933539b";
				SDKROOT = iphoneos;
				SWIFT_OBJC_BRIDGING_HEADER = "yum/yum-Bridging-Header.h";
				SWIFT_OBJC_INTERFACE_HEADER_NAME = "yum$(SWIFT_MODULE_NAME)-Swift.h";
				SWIFT_OPTIMIZATION_LEVEL = "-Onone";
			};
			name = Debug;
		};
		8E1E61BC1B507A6F00C45E1A /* Release */ = {
			isa = XCBuildConfiguration;
			buildSettings = {
				ALWAYS_SEARCH_USER_PATHS = NO;
				CLANG_CXX_LANGUAGE_STANDARD = "gnu++0x";
				CLANG_CXX_LIBRARY = "libc++";
				CLANG_ENABLE_MODULES = YES;
				CLANG_ENABLE_OBJC_ARC = YES;
				CLANG_WARN_BOOL_CONVERSION = YES;
				CLANG_WARN_CONSTANT_CONVERSION = YES;
				CLANG_WARN_DIRECT_OBJC_ISA_USAGE = YES_ERROR;
				CLANG_WARN_EMPTY_BODY = YES;
				CLANG_WARN_ENUM_CONVERSION = YES;
				CLANG_WARN_INT_CONVERSION = YES;
				CLANG_WARN_OBJC_ROOT_CLASS = YES_ERROR;
				CLANG_WARN_UNREACHABLE_CODE = YES;
				CLANG_WARN__DUPLICATE_METHOD_MATCH = YES;
				"CODE_SIGN_IDENTITY[sdk=iphoneos*]" = "Apple Development IOS Push Services: com.901858700.yum";
				COPY_PHASE_STRIP = NO;
				DEBUG_INFORMATION_FORMAT = "dwarf-with-dsym";
				ENABLE_NS_ASSERTIONS = NO;
				ENABLE_STRICT_OBJC_MSGSEND = YES;
				GCC_C_LANGUAGE_STANDARD = gnu99;
				GCC_NO_COMMON_BLOCKS = YES;
				GCC_WARN_64_TO_32_BIT_CONVERSION = YES;
				GCC_WARN_ABOUT_RETURN_TYPE = YES_ERROR;
				GCC_WARN_UNDECLARED_SELECTOR = YES;
				GCC_WARN_UNINITIALIZED_AUTOS = YES_AGGRESSIVE;
				GCC_WARN_UNUSED_FUNCTION = YES;
				GCC_WARN_UNUSED_VARIABLE = YES;
				IPHONEOS_DEPLOYMENT_TARGET = 8.4;
				MTL_ENABLE_DEBUG_INFO = NO;
				PROVISIONING_PROFILE = "1b525130-7931-401b-a8b6-5cd53933539b";
				SDKROOT = iphoneos;
				SWIFT_OBJC_BRIDGING_HEADER = "yum/yum-Bridging-Header.h";
				SWIFT_OBJC_INTERFACE_HEADER_NAME = "yum$(SWIFT_MODULE_NAME)-Swift.h";
				VALIDATE_PRODUCT = YES;
			};
			name = Release;
		};
		8E1E61BE1B507A6F00C45E1A /* Debug */ = {
			isa = XCBuildConfiguration;
			baseConfigurationReference = D81E2B15370E2DA11E1B945F /* Pods-yum.debug.xcconfig */;
			buildSettings = {
				ASSETCATALOG_COMPILER_APPICON_NAME = AppIcon;
				CODE_SIGN_IDENTITY = "iPhone Developer";
				"CODE_SIGN_IDENTITY[sdk=iphoneos*]" = "iPhone Developer";
				FRAMEWORK_SEARCH_PATHS = (
					"$(inherited)",
					"$(PROJECT_DIR)/Pods/ParseFacebookUtils",
					"$(PROJECT_DIR)/Pods/ParseFacebookUtilsV4",
					"/Users/arthur/Desktop/GitHubProjects/Makestagram-Swift-Solution-StarterProject/Frameworks",
					"$(PROJECT_DIR)",
				);
				INFOPLIST_FILE = yum/Info.plist;
				LD_RUNPATH_SEARCH_PATHS = "$(inherited) @executable_path/Frameworks";
				LIBRARY_SEARCH_PATHS = (
					"$(inherited)",
					"$(PROJECT_DIR)/Pods/ParseFacebookUtilsV4",
					"$(PROJECT_DIR)/Pods/ParseFacebookUtils",
				);
				PRODUCT_NAME = "$(TARGET_NAME)";
				PROVISIONING_PROFILE = "";
				SWIFT_OBJC_BRIDGING_HEADER = "yum/yum-Bridging-Header.h";
				TARGETED_DEVICE_FAMILY = 1;
			};
			name = Debug;
		};
		8E1E61BF1B507A6F00C45E1A /* Release */ = {
			isa = XCBuildConfiguration;
			baseConfigurationReference = 9451BD43865A82E49EF435BC /* Pods-yum.release.xcconfig */;
			buildSettings = {
				ASSETCATALOG_COMPILER_APPICON_NAME = AppIcon;
				CODE_SIGN_IDENTITY = "iPhone Developer";
				FRAMEWORK_SEARCH_PATHS = (
					"$(inherited)",
					"$(PROJECT_DIR)/Pods/ParseFacebookUtils",
					"$(PROJECT_DIR)/Pods/ParseFacebookUtilsV4",
					"/Users/arthur/Desktop/GitHubProjects/Makestagram-Swift-Solution-StarterProject/Frameworks",
					"$(PROJECT_DIR)",
				);
				INFOPLIST_FILE = yum/Info.plist;
				LD_RUNPATH_SEARCH_PATHS = "$(inherited) @executable_path/Frameworks";
				LIBRARY_SEARCH_PATHS = (
					"$(inherited)",
					"$(PROJECT_DIR)/Pods/ParseFacebookUtilsV4",
					"$(PROJECT_DIR)/Pods/ParseFacebookUtils",
				);
				PRODUCT_NAME = "$(TARGET_NAME)";
				PROVISIONING_PROFILE = "b92907dd-d0f9-485d-a9f3-ce8460b9bc72";
				SWIFT_OBJC_BRIDGING_HEADER = "yum/yum-Bridging-Header.h";
				TARGETED_DEVICE_FAMILY = 1;
			};
			name = Release;
		};
		8E1E61C11B507A6F00C45E1A /* Debug */ = {
			isa = XCBuildConfiguration;
			buildSettings = {
				BUNDLE_LOADER = "$(TEST_HOST)";
				CODE_SIGN_IDENTITY = "iPhone Developer";
				"CODE_SIGN_IDENTITY[sdk=iphoneos*]" = "iPhone Developer";
				FRAMEWORK_SEARCH_PATHS = (
					"$(SDKROOT)/Developer/Library/Frameworks",
					"$(inherited)",
				);
				GCC_PREPROCESSOR_DEFINITIONS = (
					"DEBUG=1",
					"$(inherited)",
				);
				INFOPLIST_FILE = yumTests/Info.plist;
				LD_RUNPATH_SEARCH_PATHS = "$(inherited) @executable_path/Frameworks @loader_path/Frameworks";
				PRODUCT_NAME = "$(TARGET_NAME)";
				PROVISIONING_PROFILE = "";
				TEST_HOST = "$(BUILT_PRODUCTS_DIR)/yum.app/yum";
			};
			name = Debug;
		};
		8E1E61C21B507A6F00C45E1A /* Release */ = {
			isa = XCBuildConfiguration;
			buildSettings = {
				BUNDLE_LOADER = "$(TEST_HOST)";
				CODE_SIGN_IDENTITY = "iPhone Developer";
				"CODE_SIGN_IDENTITY[sdk=iphoneos*]" = "iPhone Developer";
				FRAMEWORK_SEARCH_PATHS = (
					"$(SDKROOT)/Developer/Library/Frameworks",
					"$(inherited)",
				);
				INFOPLIST_FILE = yumTests/Info.plist;
				LD_RUNPATH_SEARCH_PATHS = "$(inherited) @executable_path/Frameworks @loader_path/Frameworks";
				PRODUCT_NAME = "$(TARGET_NAME)";
				PROVISIONING_PROFILE = "";
				TEST_HOST = "$(BUILT_PRODUCTS_DIR)/yum.app/yum";
			};
			name = Release;
		};
/* End XCBuildConfiguration section */

/* Begin XCConfigurationList section */
		8E1E61991B507A6F00C45E1A /* Build configuration list for PBXProject "yum" */ = {
			isa = XCConfigurationList;
			buildConfigurations = (
				8E1E61BB1B507A6F00C45E1A /* Debug */,
				8E1E61BC1B507A6F00C45E1A /* Release */,
			);
			defaultConfigurationIsVisible = 0;
			defaultConfigurationName = Release;
		};
		8E1E61BD1B507A6F00C45E1A /* Build configuration list for PBXNativeTarget "yum" */ = {
			isa = XCConfigurationList;
			buildConfigurations = (
				8E1E61BE1B507A6F00C45E1A /* Debug */,
				8E1E61BF1B507A6F00C45E1A /* Release */,
			);
			defaultConfigurationIsVisible = 0;
			defaultConfigurationName = Release;
		};
		8E1E61C01B507A6F00C45E1A /* Build configuration list for PBXNativeTarget "yumTests" */ = {
			isa = XCConfigurationList;
			buildConfigurations = (
				8E1E61C11B507A6F00C45E1A /* Debug */,
				8E1E61C21B507A6F00C45E1A /* Release */,
			);
			defaultConfigurationIsVisible = 0;
			defaultConfigurationName = Release;
		};
/* End XCConfigurationList section */
	};
	rootObject = 8E1E61961B507A6F00C45E1A /* Project object */;
}
